
Microsoft Visual Studio Solution File, Format Version 12.00
# Visual Studio Version 16
VisualStudioVersion = 16.0.29613.14
MinimumVisualStudioVersion = 10.0.40219.1
Project("{FAE04EC0-301F-11D3-BF4B-00C04F79EFBC}") = "WindowsClient", "WindowsClient\WindowsClient.csproj", "{8BA73547-86CD-4A4F-9320-773A5F50A1E2}"
EndProject
Global
	GlobalSection(SolutionConfigurationPlatforms) = preSolution
		Debug|Any CPU = Debug|Any CPU
		Release|Any CPU = Release|Any CPU
	EndGlobalSection
	GlobalSection(ProjectConfigurationPlatforms) = postSolution
		{8BA73547-86CD-4A4F-9320-773A5F50A1E2}.Debug|Any CPU.ActiveCfg = Debug|Any CPU
		{8BA73547-86CD-4A4F-9320-773A5F50A1E2}.Debug|Any CPU.Build.0 = Debug|Any CPU
		{8BA73547-86CD-4A4F-9320-773A5F50A1E2}.Release|Any CPU.ActiveCfg = Release|Any CPU
		{8BA73547-86CD-4A4F-9320-773A5F50A1E2}.Release|Any CPU.Build.0 = Release|Any CPU
	EndGlobalSection
	GlobalSection(SolutionProperties) = preSolution
		HideSolutionNode = FALSE
	EndGlobalSection
	GlobalSection(ExtensibilityGlobals) = postSolution
		SolutionGuid = {B3F4E16D-36C7-4A79-8F0A-BFBEEA0C959E}
	EndGlobalSection
EndGlobal
